# THIS IS AN AUTOGENERATED FILE. DO NOT EDIT THIS FILE DIRECTLY.
# yarn lockfile v1


nodejs-websocket@^1.7.2:
  version "1.7.2"
  resolved "https://registry.yarnpkg.com/nodejs-websocket/-/nodejs-websocket-1.7.2.tgz#94abd1e248f57d4d1c663dec3831015c6dad98a6"
  integrity sha512-PFX6ypJcCNDs7obRellR0DGTebfUhw1SXGKe2zpB+Ng1DQJhdzbzx1ob+AvJCLzy2TJF4r8cCDqMQqei1CZdPQ==

vue@^2.6.12:
  version "2.6.12"
  resolved "https://registry.yarnpkg.com/vue/-/vue-2.6.12.tgz#f5ebd4fa6bd2869403e29a896aed4904456c9123"
  integrity sha512-uhmLFETqPPNyuLLbsKz6ioJ4q7AZHzD8ZVFNATNyICSZouqP2Sz0rotWQC8UNBF6VGSCs5abnKJoStA6JbCbfg==
